// !$*UTF8*$!
{
	archiveVersion = 1;
	classes = {
	};
	objectVersion = 46;
	objects = {

/* Begin PBXBuildFile section */
		13D6C7EB35AA7D69EA1B00E2 /* libPods-内涵段子.a in Frameworks */ = {isa = PBXBuildFile; fileRef = 8988C73A7AB7AE466E2DBC71 /* libPods-内涵段子.a */; };
		253AE1BE1DDD839D0046D0C3 /* LCQAttentionViewController.m in Sources */ = {isa = PBXBuildFile; fileRef = 253AE1821DDD839D0046D0C3 /* LCQAttentionViewController.m */; };
		253AE1BF1DDD839D0046D0C3 /* LCQAttentionViewController.xib in Resources */ = {isa = PBXBuildFile; fileRef = 253AE1831DDD839D0046D0C3 /* LCQAttentionViewController.xib */; };
		253AE1C01DDD839D0046D0C3 /* LCQSuggestAttentionViewController.m in Sources */ = {isa = PBXBuildFile; fileRef = 253AE1851DDD839D0046D0C3 /* LCQSuggestAttentionViewController.m */; };
		253AE1C11DDD839D0046D0C3 /* LCQSuggestAttentionViewController.xib in Resources */ = {isa = PBXBuildFile; fileRef = 253AE1861DDD839D0046D0C3 /* LCQSuggestAttentionViewController.xib */; };
		253AE1C21DDD839D0046D0C3 /* LCQSuggestLeftModel.m in Sources */ = {isa = PBXBuildFile; fileRef = 253AE1891DDD839D0046D0C3 /* LCQSuggestLeftModel.m */; };
		253AE1C31DDD839D0046D0C3 /* LCQSuggestRightModel.m in Sources */ = {isa = PBXBuildFile; fileRef = 253AE18B1DDD839D0046D0C3 /* LCQSuggestRightModel.m */; };
		253AE1C41DDD839D0046D0C3 /* LCQSuggestLeftTableViewCell.m in Sources */ = {isa = PBXBuildFile; fileRef = 253AE18E1DDD839D0046D0C3 /* LCQSuggestLeftTableViewCell.m */; };
		253AE1C51DDD839D0046D0C3 /* LCQSuggestLeftTableViewCell.xib in Resources */ = {isa = PBXBuildFile; fileRef = 253AE18F1DDD839D0046D0C3 /* LCQSuggestLeftTableViewCell.xib */; };
		253AE1C61DDD839D0046D0C3 /* LCQSuggestRightTableViewCell.m in Sources */ = {isa = PBXBuildFile; fileRef = 253AE1911DDD839D0046D0C3 /* LCQSuggestRightTableViewCell.m */; };
		253AE1C71DDD839D0046D0C3 /* LCQSuggestRightTableViewCell.xib in Resources */ = {isa = PBXBuildFile; fileRef = 253AE1921DDD839D0046D0C3 /* LCQSuggestRightTableViewCell.xib */; };
		253AE1C81DDD839D0046D0C3 /* UIBarButtonItem+CustomButton.m in Sources */ = {isa = PBXBuildFile; fileRef = 253AE1961DDD839D0046D0C3 /* UIBarButtonItem+CustomButton.m */; };
		253AE1C91DDD839D0046D0C3 /* UIView+ZRCategory.m in Sources */ = {isa = PBXBuildFile; fileRef = 253AE1981DDD839D0046D0C3 /* UIView+ZRCategory.m */; };
		253AE1CA1DDD839D0046D0C3 /* LCQCustomNavigationController.m in Sources */ = {isa = PBXBuildFile; fileRef = 253AE19C1DDD839D0046D0C3 /* LCQCustomNavigationController.m */; };
		253AE1CB1DDD839D0046D0C3 /* LCQCustomNavigationController.xib in Resources */ = {isa = PBXBuildFile; fileRef = 253AE19D1DDD839D0046D0C3 /* LCQCustomNavigationController.xib */; };
		253AE1CC1DDD839D0046D0C3 /* LCQIssueViewController.m in Sources */ = {isa = PBXBuildFile; fileRef = 253AE19F1DDD839D0046D0C3 /* LCQIssueViewController.m */; };
		253AE1CD1DDD839D0046D0C3 /* LCQIssueViewController.xib in Resources */ = {isa = PBXBuildFile; fileRef = 253AE1A01DDD839D0046D0C3 /* LCQIssueViewController.xib */; };
		253AE1CE1DDD839D0046D0C3 /* LCQTabBarViewController.m in Sources */ = {isa = PBXBuildFile; fileRef = 253AE1A21DDD839D0046D0C3 /* LCQTabBarViewController.m */; };
		253AE1CF1DDD839D0046D0C3 /* LCQButton.m in Sources */ = {isa = PBXBuildFile; fileRef = 253AE1A61DDD839D0046D0C3 /* LCQButton.m */; };
		253AE1D01DDD839D0046D0C3 /* LCQTabBar.m in Sources */ = {isa = PBXBuildFile; fileRef = 253AE1A81DDD839D0046D0C3 /* LCQTabBar.m */; };
		253AE1D11DDD839D0046D0C3 /* LCQMeViewController.m in Sources */ = {isa = PBXBuildFile; fileRef = 253AE1AC1DDD839D0046D0C3 /* LCQMeViewController.m */; };
		253AE1D21DDD839D0046D0C3 /* LCQMeViewController.xib in Resources */ = {isa = PBXBuildFile; fileRef = 253AE1AD1DDD839D0046D0C3 /* LCQMeViewController.xib */; };
		253AE1D31DDD839D0046D0C3 /* LCQNewViewController.m in Sources */ = {isa = PBXBuildFile; fileRef = 253AE1B31DDD839D0046D0C3 /* LCQNewViewController.m */; };
		253AE1D41DDD839D0046D0C3 /* LCQNewViewController.xib in Resources */ = {isa = PBXBuildFile; fileRef = 253AE1B41DDD839D0046D0C3 /* LCQNewViewController.xib */; };
		253AE1D51DDD839D0046D0C3 /* LCQEssenceViewController.m in Sources */ = {isa = PBXBuildFile; fileRef = 253AE1BA1DDD839D0046D0C3 /* LCQEssenceViewController.m */; };
		253AE1D61DDD839D0046D0C3 /* LCQEssenceViewController.xib in Resources */ = {isa = PBXBuildFile; fileRef = 253AE1BB1DDD839D0046D0C3 /* LCQEssenceViewController.xib */; };
		2542BCB61DD5A1C500198448 /* main.m in Sources */ = {isa = PBXBuildFile; fileRef = 2542BCB51DD5A1C500198448 /* main.m */; };
		2542BCB91DD5A1C600198448 /* AppDelegate.m in Sources */ = {isa = PBXBuildFile; fileRef = 2542BCB81DD5A1C600198448 /* AppDelegate.m */; };
		2542BCBC1DD5A1C600198448 /* ViewController.m in Sources */ = {isa = PBXBuildFile; fileRef = 2542BCBB1DD5A1C600198448 /* ViewController.m */; };
		2542BCBF1DD5A1C600198448 /* Main.storyboard in Resources */ = {isa = PBXBuildFile; fileRef = 2542BCBD1DD5A1C600198448 /* Main.storyboard */; };
		2542BCC11DD5A1C600198448 /* Assets.xcassets in Resources */ = {isa = PBXBuildFile; fileRef = 2542BCC01DD5A1C600198448 /* Assets.xcassets */; };
		2542BCC41DD5A1C600198448 /* LaunchScreen.storyboard in Resources */ = {isa = PBXBuildFile; fileRef = 2542BCC21DD5A1C600198448 /* LaunchScreen.storyboard */; };
		2542BCCF1DD5A1C600198448 /* ____Tests.m in Sources */ = {isa = PBXBuildFile; fileRef = 2542BCCE1DD5A1C600198448 /* ____Tests.m */; };
		2542BCDA1DD5A1C600198448 /* ____UITests.m in Sources */ = {isa = PBXBuildFile; fileRef = 2542BCD91DD5A1C600198448 /* ____UITests.m */; };
		255F87171DDEDF4C00644357 /* LCQALLDataTableViewController.m in Sources */ = {isa = PBXBuildFile; fileRef = 255F87151DDEDF4C00644357 /* LCQALLDataTableViewController.m */; };
		255F87181DDEDF4C00644357 /* LCQALLDataTableViewController.xib in Resources */ = {isa = PBXBuildFile; fileRef = 255F87161DDEDF4C00644357 /* LCQALLDataTableViewController.xib */; };
		255F871C1DDEDF8E00644357 /* LCQVideoDataTableViewController.m in Sources */ = {isa = PBXBuildFile; fileRef = 255F871A1DDEDF8E00644357 /* LCQVideoDataTableViewController.m */; };
		255F871D1DDEDF8E00644357 /* LCQVideoDataTableViewController.xib in Resources */ = {isa = PBXBuildFile; fileRef = 255F871B1DDEDF8E00644357 /* LCQVideoDataTableViewController.xib */; };
		255F87211DDEDF9A00644357 /* LCQPicDataTableViewController.m in Sources */ = {isa = PBXBuildFile; fileRef = 255F871F1DDEDF9A00644357 /* LCQPicDataTableViewController.m */; };
		255F87221DDEDF9A00644357 /* LCQPicDataTableViewController.xib in Resources */ = {isa = PBXBuildFile; fileRef = 255F87201DDEDF9A00644357 /* LCQPicDataTableViewController.xib */; };
		255F87251DDEDFB400644357 /* LCQTextDataTableViewController.m in Sources */ = {isa = PBXBuildFile; fileRef = 255F87241DDEDFB400644357 /* LCQTextDataTableViewController.m */; };
		255F87291DDEDFCD00644357 /* LCQAudioDataTableViewController.m in Sources */ = {isa = PBXBuildFile; fileRef = 255F87271DDEDFCD00644357 /* LCQAudioDataTableViewController.m */; };
		255F872A1DDEDFCD00644357 /* LCQAudioDataTableViewController.xib in Resources */ = {isa = PBXBuildFile; fileRef = 255F87281DDEDFCD00644357 /* LCQAudioDataTableViewController.xib */; };
		25FA114B1DDDA13200A9AB8D /* LCQGuideView.m in Sources */ = {isa = PBXBuildFile; fileRef = 25FA114A1DDDA13200A9AB8D /* LCQGuideView.m */; };
		25FA114D1DDDA19900A9AB8D /* LCQGuideView.xib in Resources */ = {isa = PBXBuildFile; fileRef = 25FA114C1DDDA19900A9AB8D /* LCQGuideView.xib */; };
		7AA42EA0B8CFD2193C934457 /* libPods-内涵段子UITests.a in Frameworks */ = {isa = PBXBuildFile; fileRef = 28E7BA08AAE8B3FD0A29F177 /* libPods-内涵段子UITests.a */; };
		D2FB8B51AD1232DF1997A1B2 /* libPods-内涵段子Tests.a in Frameworks */ = {isa = PBXBuildFile; fileRef = 055A089701AD6F7108F762A0 /* libPods-内涵段子Tests.a */; };
/* End PBXBuildFile section */

/* Begin PBXContainerItemProxy section */
		2542BCCB1DD5A1C600198448 /* PBXContainerItemProxy */ = {
			isa = PBXContainerItemProxy;
			containerPortal = 2542BCA91DD5A1C500198448 /* Project object */;
			proxyType = 1;
			remoteGlobalIDString = 2542BCB01DD5A1C500198448;
			remoteInfo = "内涵段子";
		};
		2542BCD61DD5A1C600198448 /* PBXContainerItemProxy */ = {
			isa = PBXContainerItemProxy;
			containerPortal = 2542BCA91DD5A1C500198448 /* Project object */;
			proxyType = 1;
			remoteGlobalIDString = 2542BCB01DD5A1C500198448;
			remoteInfo = "内涵段子";
		};
/* End PBXContainerItemProxy section */

/* Begin PBXFileReference section */
		055A089701AD6F7108F762A0 /* libPods-内涵段子Tests.a */ = {isa = PBXFileReference; explicitFileType = archive.ar; includeInIndex = 0; path = "libPods-内涵段子Tests.a"; sourceTree = BUILT_PRODUCTS_DIR; };
		2476C5684BFFBFB1476B5388 /* Pods-内涵段子UITests.debug.xcconfig */ = {isa = PBXFileReference; includeInIndex = 1; lastKnownFileType = text.xcconfig; name = "Pods-内涵段子UITests.debug.xcconfig"; path = "Pods/Target Support Files/Pods-内涵段子UITests/Pods-内涵段子UITests.debug.xcconfig"; sourceTree = "<group>"; };
		253AE1811DDD839D0046D0C3 /* LCQAttentionViewController.h */ = {isa = PBXFileReference; fileEncoding = 4; lastKnownFileType = sourcecode.c.h; path = LCQAttentionViewController.h; sourceTree = "<group>"; };
		253AE1821DDD839D0046D0C3 /* LCQAttentionViewController.m */ = {isa = PBXFileReference; fileEncoding = 4; lastKnownFileType = sourcecode.c.objc; path = LCQAttentionViewController.m; sourceTree = "<group>"; };
		253AE1831DDD839D0046D0C3 /* LCQAttentionViewController.xib */ = {isa = PBXFileReference; fileEncoding = 4; lastKnownFileType = file.xib; path = LCQAttentionViewController.xib; sourceTree = "<group>"; };
		253AE1841DDD839D0046D0C3 /* LCQSuggestAttentionViewController.h */ = {isa = PBXFileReference; fileEncoding = 4; lastKnownFileType = sourcecode.c.h; path = LCQSuggestAttentionViewController.h; sourceTree = "<group>"; };
		253AE1851DDD839D0046D0C3 /* LCQSuggestAttentionViewController.m */ = {isa = PBXFileReference; fileEncoding = 4; lastKnownFileType = sourcecode.c.objc; path = LCQSuggestAttentionViewController.m; sourceTree = "<group>"; };
		253AE1861DDD839D0046D0C3 /* LCQSuggestAttentionViewController.xib */ = {isa = PBXFileReference; fileEncoding = 4; lastKnownFileType = file.xib; path = LCQSuggestAttentionViewController.xib; sourceTree = "<group>"; };
		253AE1881DDD839D0046D0C3 /* LCQSuggestLeftModel.h */ = {isa = PBXFileReference; fileEncoding = 4; lastKnownFileType = sourcecode.c.h; path = LCQSuggestLeftModel.h; sourceTree = "<group>"; };
		253AE1891DDD839D0046D0C3 /* LCQSuggestLeftModel.m */ = {isa = PBXFileReference; fileEncoding = 4; lastKnownFileType = sourcecode.c.objc; path = LCQSuggestLeftModel.m; sourceTree = "<group>"; };
		253AE18A1DDD839D0046D0C3 /* LCQSuggestRightModel.h */ = {isa = PBXFileReference; fileEncoding = 4; lastKnownFileType = sourcecode.c.h; path = LCQSuggestRightModel.h; sourceTree = "<group>"; };
		253AE18B1DDD839D0046D0C3 /* LCQSuggestRightModel.m */ = {isa = PBXFileReference; fileEncoding = 4; lastKnownFileType = sourcecode.c.objc; path = LCQSuggestRightModel.m; sourceTree = "<group>"; };
		253AE18D1DDD839D0046D0C3 /* LCQSuggestLeftTableViewCell.h */ = {isa = PBXFileReference; fileEncoding = 4; lastKnownFileType = sourcecode.c.h; path = LCQSuggestLeftTableViewCell.h; sourceTree = "<group>"; };
		253AE18E1DDD839D0046D0C3 /* LCQSuggestLeftTableViewCell.m */ = {isa = PBXFileReference; fileEncoding = 4; lastKnownFileType = sourcecode.c.objc; path = LCQSuggestLeftTableViewCell.m; sourceTree = "<group>"; };
		253AE18F1DDD839D0046D0C3 /* LCQSuggestLeftTableViewCell.xib */ = {isa = PBXFileReference; fileEncoding = 4; lastKnownFileType = file.xib; path = LCQSuggestLeftTableViewCell.xib; sourceTree = "<group>"; };
		253AE1901DDD839D0046D0C3 /* LCQSuggestRightTableViewCell.h */ = {isa = PBXFileReference; fileEncoding = 4; lastKnownFileType = sourcecode.c.h; path = LCQSuggestRightTableViewCell.h; sourceTree = "<group>"; };
		253AE1911DDD839D0046D0C3 /* LCQSuggestRightTableViewCell.m */ = {isa = PBXFileReference; fileEncoding = 4; lastKnownFileType = sourcecode.c.objc; path = LCQSuggestRightTableViewCell.m; sourceTree = "<group>"; };
		253AE1921DDD839D0046D0C3 /* LCQSuggestRightTableViewCell.xib */ = {isa = PBXFileReference; fileEncoding = 4; lastKnownFileType = file.xib; path = LCQSuggestRightTableViewCell.xib; sourceTree = "<group>"; };
		253AE1941DDD839D0046D0C3 /* PrefixHeader.pch */ = {isa = PBXFileReference; fileEncoding = 4; lastKnownFileType = sourcecode.c.h; path = PrefixHeader.pch; sourceTree = "<group>"; };
		253AE1951DDD839D0046D0C3 /* UIBarButtonItem+CustomButton.h */ = {isa = PBXFileReference; fileEncoding = 4; lastKnownFileType = sourcecode.c.h; path = "UIBarButtonItem+CustomButton.h"; sourceTree = "<group>"; };
		253AE1961DDD839D0046D0C3 /* UIBarButtonItem+CustomButton.m */ = {isa = PBXFileReference; fileEncoding = 4; lastKnownFileType = sourcecode.c.objc; path = "UIBarButtonItem+CustomButton.m"; sourceTree = "<group>"; };
		253AE1971DDD839D0046D0C3 /* UIView+ZRCategory.h */ = {isa = PBXFileReference; fileEncoding = 4; lastKnownFileType = sourcecode.c.h; path = "UIView+ZRCategory.h"; sourceTree = "<group>"; };
		253AE1981DDD839D0046D0C3 /* UIView+ZRCategory.m */ = {isa = PBXFileReference; fileEncoding = 4; lastKnownFileType = sourcecode.c.objc; path = "UIView+ZRCategory.m"; sourceTree = "<group>"; };
		253AE19B1DDD839D0046D0C3 /* LCQCustomNavigationController.h */ = {isa = PBXFileReference; fileEncoding = 4; lastKnownFileType = sourcecode.c.h; path = LCQCustomNavigationController.h; sourceTree = "<group>"; };
		253AE19C1DDD839D0046D0C3 /* LCQCustomNavigationController.m */ = {isa = PBXFileReference; fileEncoding = 4; lastKnownFileType = sourcecode.c.objc; path = LCQCustomNavigationController.m; sourceTree = "<group>"; };
		253AE19D1DDD839D0046D0C3 /* LCQCustomNavigationController.xib */ = {isa = PBXFileReference; fileEncoding = 4; lastKnownFileType = file.xib; path = LCQCustomNavigationController.xib; sourceTree = "<group>"; };
		253AE19E1DDD839D0046D0C3 /* LCQIssueViewController.h */ = {isa = PBXFileReference; fileEncoding = 4; lastKnownFileType = sourcecode.c.h; path = LCQIssueViewController.h; sourceTree = "<group>"; };
		253AE19F1DDD839D0046D0C3 /* LCQIssueViewController.m */ = {isa = PBXFileReference; fileEncoding = 4; lastKnownFileType = sourcecode.c.objc; path = LCQIssueViewController.m; sourceTree = "<group>"; };
		253AE1A01DDD839D0046D0C3 /* LCQIssueViewController.xib */ = {isa = PBXFileReference; fileEncoding = 4; lastKnownFileType = file.xib; path = LCQIssueViewController.xib; sourceTree = "<group>"; };
		253AE1A11DDD839D0046D0C3 /* LCQTabBarViewController.h */ = {isa = PBXFileReference; fileEncoding = 4; lastKnownFileType = sourcecode.c.h; path = LCQTabBarViewController.h; sourceTree = "<group>"; };
		253AE1A21DDD839D0046D0C3 /* LCQTabBarViewController.m */ = {isa = PBXFileReference; fileEncoding = 4; lastKnownFileType = sourcecode.c.objc; path = LCQTabBarViewController.m; sourceTree = "<group>"; };
		253AE1A51DDD839D0046D0C3 /* LCQButton.h */ = {isa = PBXFileReference; fileEncoding = 4; lastKnownFileType = sourcecode.c.h; path = LCQButton.h; sourceTree = "<group>"; };
		253AE1A61DDD839D0046D0C3 /* LCQButton.m */ = {isa = PBXFileReference; fileEncoding = 4; lastKnownFileType = sourcecode.c.objc; path = LCQButton.m; sourceTree = "<group>"; };
		253AE1A71DDD839D0046D0C3 /* LCQTabBar.h */ = {isa = PBXFileReference; fileEncoding = 4; lastKnownFileType = sourcecode.c.h; path = LCQTabBar.h; sourceTree = "<group>"; };
		253AE1A81DDD839D0046D0C3 /* LCQTabBar.m */ = {isa = PBXFileReference; fileEncoding = 4; lastKnownFileType = sourcecode.c.objc; path = LCQTabBar.m; sourceTree = "<group>"; };
		253AE1AB1DDD839D0046D0C3 /* LCQMeViewController.h */ = {isa = PBXFileReference; fileEncoding = 4; lastKnownFileType = sourcecode.c.h; path = LCQMeViewController.h; sourceTree = "<group>"; };
		253AE1AC1DDD839D0046D0C3 /* LCQMeViewController.m */ = {isa = PBXFileReference; fileEncoding = 4; lastKnownFileType = sourcecode.c.objc; path = LCQMeViewController.m; sourceTree = "<group>"; };
		253AE1AD1DDD839D0046D0C3 /* LCQMeViewController.xib */ = {isa = PBXFileReference; fileEncoding = 4; lastKnownFileType = file.xib; path = LCQMeViewController.xib; sourceTree = "<group>"; };
		253AE1B21DDD839D0046D0C3 /* LCQNewViewController.h */ = {isa = PBXFileReference; fileEncoding = 4; lastKnownFileType = sourcecode.c.h; path = LCQNewViewController.h; sourceTree = "<group>"; };
		253AE1B31DDD839D0046D0C3 /* LCQNewViewController.m */ = {isa = PBXFileReference; fileEncoding = 4; lastKnownFileType = sourcecode.c.objc; path = LCQNewViewController.m; sourceTree = "<group>"; };
		253AE1B41DDD839D0046D0C3 /* LCQNewViewController.xib */ = {isa = PBXFileReference; fileEncoding = 4; lastKnownFileType = file.xib; path = LCQNewViewController.xib; sourceTree = "<group>"; };
		253AE1B91DDD839D0046D0C3 /* LCQEssenceViewController.h */ = {isa = PBXFileReference; fileEncoding = 4; lastKnownFileType = sourcecode.c.h; path = LCQEssenceViewController.h; sourceTree = "<group>"; };
		253AE1BA1DDD839D0046D0C3 /* LCQEssenceViewController.m */ = {isa = PBXFileReference; fileEncoding = 4; lastKnownFileType = sourcecode.c.objc; path = LCQEssenceViewController.m; sourceTree = "<group>"; };
		253AE1BB1DDD839D0046D0C3 /* LCQEssenceViewController.xib */ = {isa = PBXFileReference; fileEncoding = 4; lastKnownFileType = file.xib; path = LCQEssenceViewController.xib; sourceTree = "<group>"; };
		2542BCB11DD5A1C500198448 /* 内涵段子.app */ = {isa = PBXFileReference; explicitFileType = wrapper.application; includeInIndex = 0; path = "内涵段子.app"; sourceTree = BUILT_PRODUCTS_DIR; };
		2542BCB51DD5A1C500198448 /* main.m */ = {isa = PBXFileReference; lastKnownFileType = sourcecode.c.objc; path = main.m; sourceTree = "<group>"; };
		2542BCB71DD5A1C500198448 /* AppDelegate.h */ = {isa = PBXFileReference; lastKnownFileType = sourcecode.c.h; path = AppDelegate.h; sourceTree = "<group>"; };
		2542BCB81DD5A1C600198448 /* AppDelegate.m */ = {isa = PBXFileReference; lastKnownFileType = sourcecode.c.objc; path = AppDelegate.m; sourceTree = "<group>"; };
		2542BCBA1DD5A1C600198448 /* ViewController.h */ = {isa = PBXFileReference; lastKnownFileType = sourcecode.c.h; path = ViewController.h; sourceTree = "<group>"; };
		2542BCBB1DD5A1C600198448 /* ViewController.m */ = {isa = PBXFileReference; lastKnownFileType = sourcecode.c.objc; path = ViewController.m; sourceTree = "<group>"; };
		2542BCBE1DD5A1C600198448 /* Base */ = {isa = PBXFileReference; lastKnownFileType = file.storyboard; name = Base; path = Base.lproj/Main.storyboard; sourceTree = "<group>"; };
		2542BCC01DD5A1C600198448 /* Assets.xcassets */ = {isa = PBXFileReference; lastKnownFileType = folder.assetcatalog; path = Assets.xcassets; sourceTree = "<group>"; };
		2542BCC31DD5A1C600198448 /* Base */ = {isa = PBXFileReference; lastKnownFileType = file.storyboard; name = Base; path = Base.lproj/LaunchScreen.storyboard; sourceTree = "<group>"; };
		2542BCC51DD5A1C600198448 /* Info.plist */ = {isa = PBXFileReference; lastKnownFileType = text.plist.xml; path = Info.plist; sourceTree = "<group>"; };
		2542BCCA1DD5A1C600198448 /* 内涵段子Tests.xctest */ = {isa = PBXFileReference; explicitFileType = wrapper.cfbundle; includeInIndex = 0; path = "内涵段子Tests.xctest"; sourceTree = BUILT_PRODUCTS_DIR; };
		2542BCCE1DD5A1C600198448 /* ____Tests.m */ = {isa = PBXFileReference; lastKnownFileType = sourcecode.c.objc; path = "____Tests.m"; sourceTree = "<group>"; };
		2542BCD01DD5A1C600198448 /* Info.plist */ = {isa = PBXFileReference; lastKnownFileType = text.plist.xml; path = Info.plist; sourceTree = "<group>"; };
		2542BCD51DD5A1C600198448 /* 内涵段子UITests.xctest */ = {isa = PBXFileReference; explicitFileType = wrapper.cfbundle; includeInIndex = 0; path = "内涵段子UITests.xctest"; sourceTree = BUILT_PRODUCTS_DIR; };
		2542BCD91DD5A1C600198448 /* ____UITests.m */ = {isa = PBXFileReference; lastKnownFileType = sourcecode.c.objc; path = "____UITests.m"; sourceTree = "<group>"; };
		2542BCDB1DD5A1C600198448 /* Info.plist */ = {isa = PBXFileReference; lastKnownFileType = text.plist.xml; path = Info.plist; sourceTree = "<group>"; };
		255F87141DDEDF4C00644357 /* LCQALLDataTableViewController.h */ = {isa = PBXFileReference; fileEncoding = 4; lastKnownFileType = sourcecode.c.h; path = LCQALLDataTableViewController.h; sourceTree = "<group>"; };
		255F87151DDEDF4C00644357 /* LCQALLDataTableViewController.m */ = {isa = PBXFileReference; fileEncoding = 4; lastKnownFileType = sourcecode.c.objc; path = LCQALLDataTableViewController.m; sourceTree = "<group>"; };
		255F87161DDEDF4C00644357 /* LCQALLDataTableViewController.xib */ = {isa = PBXFileReference; fileEncoding = 4; lastKnownFileType = file.xib; path = LCQALLDataTableViewController.xib; sourceTree = "<group>"; };
		255F87191DDEDF8E00644357 /* LCQVideoDataTableViewController.h */ = {isa = PBXFileReference; fileEncoding = 4; lastKnownFileType = sourcecode.c.h; path = LCQVideoDataTableViewController.h; sourceTree = "<group>"; };
		255F871A1DDEDF8E00644357 /* LCQVideoDataTableViewController.m */ = {isa = PBXFileReference; fileEncoding = 4; lastKnownFileType = sourcecode.c.objc; path = LCQVideoDataTableViewController.m; sourceTree = "<group>"; };
		255F871B1DDEDF8E00644357 /* LCQVideoDataTableViewController.xib */ = {isa = PBXFileReference; fileEncoding = 4; lastKnownFileType = file.xib; path = LCQVideoDataTableViewController.xib; sourceTree = "<group>"; };
		255F871E1DDEDF9A00644357 /* LCQPicDataTableViewController.h */ = {isa = PBXFileReference; fileEncoding = 4; lastKnownFileType = sourcecode.c.h; path = LCQPicDataTableViewController.h; sourceTree = "<group>"; };
		255F871F1DDEDF9A00644357 /* LCQPicDataTableViewController.m */ = {isa = PBXFileReference; fileEncoding = 4; lastKnownFileType = sourcecode.c.objc; path = LCQPicDataTableViewController.m; sourceTree = "<group>"; };
		255F87201DDEDF9A00644357 /* LCQPicDataTableViewController.xib */ = {isa = PBXFileReference; fileEncoding = 4; lastKnownFileType = file.xib; path = LCQPicDataTableViewController.xib; sourceTree = "<group>"; };
		255F87231DDEDFB400644357 /* LCQTextDataTableViewController.h */ = {isa = PBXFileReference; fileEncoding = 4; lastKnownFileType = sourcecode.c.h; path = LCQTextDataTableViewController.h; sourceTree = "<group>"; };
		255F87241DDEDFB400644357 /* LCQTextDataTableViewController.m */ = {isa = PBXFileReference; fileEncoding = 4; lastKnownFileType = sourcecode.c.objc; path = LCQTextDataTableViewController.m; sourceTree = "<group>"; };
		255F87261DDEDFCD00644357 /* LCQAudioDataTableViewController.h */ = {isa = PBXFileReference; fileEncoding = 4; lastKnownFileType = sourcecode.c.h; path = LCQAudioDataTableViewController.h; sourceTree = "<group>"; };
		255F87271DDEDFCD00644357 /* LCQAudioDataTableViewController.m */ = {isa = PBXFileReference; fileEncoding = 4; lastKnownFileType = sourcecode.c.objc; path = LCQAudioDataTableViewController.m; sourceTree = "<group>"; };
		255F87281DDEDFCD00644357 /* LCQAudioDataTableViewController.xib */ = {isa = PBXFileReference; fileEncoding = 4; lastKnownFileType = file.xib; path = LCQAudioDataTableViewController.xib; sourceTree = "<group>"; };
		25FA11491DDDA13200A9AB8D /* LCQGuideView.h */ = {isa = PBXFileReference; fileEncoding = 4; lastKnownFileType = sourcecode.c.h; path = LCQGuideView.h; sourceTree = "<group>"; };
		25FA114A1DDDA13200A9AB8D /* LCQGuideView.m */ = {isa = PBXFileReference; fileEncoding = 4; lastKnownFileType = sourcecode.c.objc; path = LCQGuideView.m; sourceTree = "<group>"; };
		25FA114C1DDDA19900A9AB8D /* LCQGuideView.xib */ = {isa = PBXFileReference; fileEncoding = 4; lastKnownFileType = file.xib; path = LCQGuideView.xib; sourceTree = "<group>"; };
		28E7BA08AAE8B3FD0A29F177 /* libPods-内涵段子UITests.a */ = {isa = PBXFileReference; explicitFileType = archive.ar; includeInIndex = 0; path = "libPods-内涵段子UITests.a"; sourceTree = BUILT_PRODUCTS_DIR; };
		29CBA8BB0708404F5C5C1B92 /* Pods-内涵段子Tests.release.xcconfig */ = {isa = PBXFileReference; includeInIndex = 1; lastKnownFileType = text.xcconfig; name = "Pods-内涵段子Tests.release.xcconfig"; path = "Pods/Target Support Files/Pods-内涵段子Tests/Pods-内涵段子Tests.release.xcconfig"; sourceTree = "<group>"; };
		32C7AF8D22F5D08F829124BD /* Pods-内涵段子.release.xcconfig */ = {isa = PBXFileReference; includeInIndex = 1; lastKnownFileType = text.xcconfig; name = "Pods-内涵段子.release.xcconfig"; path = "Pods/Target Support Files/Pods-内涵段子/Pods-内涵段子.release.xcconfig"; sourceTree = "<group>"; };
		6F09CCC6E8892F27B570A9B6 /* Pods-内涵段子UITests.release.xcconfig */ = {isa = PBXFileReference; includeInIndex = 1; lastKnownFileType = text.xcconfig; name = "Pods-内涵段子UITests.release.xcconfig"; path = "Pods/Target Support Files/Pods-内涵段子UITests/Pods-内涵段子UITests.release.xcconfig"; sourceTree = "<group>"; };
		8988C73A7AB7AE466E2DBC71 /* libPods-内涵段子.a */ = {isa = PBXFileReference; explicitFileType = archive.ar; includeInIndex = 0; path = "libPods-内涵段子.a"; sourceTree = BUILT_PRODUCTS_DIR; };
		C28AB70ACE6366F7ED9B47A0 /* Pods-内涵段子Tests.debug.xcconfig */ = {isa = PBXFileReference; includeInIndex = 1; lastKnownFileType = text.xcconfig; name = "Pods-内涵段子Tests.debug.xcconfig"; path = "Pods/Target Support Files/Pods-内涵段子Tests/Pods-内涵段子Tests.debug.xcconfig"; sourceTree = "<group>"; };
		F10C751BDC96DD84BB7BA6E2 /* Pods-内涵段子.debug.xcconfig */ = {isa = PBXFileReference; includeInIndex = 1; lastKnownFileType = text.xcconfig; name = "Pods-内涵段子.debug.xcconfig"; path = "Pods/Target Support Files/Pods-内涵段子/Pods-内涵段子.debug.xcconfig"; sourceTree = "<group>"; };
/* End PBXFileReference section */

/* Begin PBXFrameworksBuildPhase section */
		2542BCAE1DD5A1C500198448 /* Frameworks */ = {
			isa = PBXFrameworksBuildPhase;
			buildActionMask = 2147483647;
			files = (
				13D6C7EB35AA7D69EA1B00E2 /* libPods-内涵段子.a in Frameworks */,
			);
			runOnlyForDeploymentPostprocessing = 0;
		};
		2542BCC71DD5A1C600198448 /* Frameworks */ = {
			isa = PBXFrameworksBuildPhase;
			buildActionMask = 2147483647;
			files = (
				D2FB8B51AD1232DF1997A1B2 /* libPods-内涵段子Tests.a in Frameworks */,
			);
			runOnlyForDeploymentPostprocessing = 0;
		};
		2542BCD21DD5A1C600198448 /* Frameworks */ = {
			isa = PBXFrameworksBuildPhase;
			buildActionMask = 2147483647;
			files = (
				7AA42EA0B8CFD2193C934457 /* libPods-内涵段子UITests.a in Frameworks */,
			);
			runOnlyForDeploymentPostprocessing = 0;
		};
/* End PBXFrameworksBuildPhase section */

/* Begin PBXGroup section */
		253AE17E1DDD839D0046D0C3 /* 段子Class */ = {
			isa = PBXGroup;
			children = (
				253AE17F1DDD839D0046D0C3 /* 关注 */,
				253AE1931DDD839D0046D0C3 /* 工具 */,
				253AE1991DDD839D0046D0C3 /* 总控制 */,
				253AE1A91DDD839D0046D0C3 /* 我的 */,
				253AE1B01DDD839D0046D0C3 /* 新帖 */,
				253AE1B71DDD839D0046D0C3 /* 精华 */,
			);
			path = "段子Class";
			sourceTree = "<group>";
		};
		253AE17F1DDD839D0046D0C3 /* 关注 */ = {
			isa = PBXGroup;
			children = (
				253AE1801DDD839D0046D0C3 /* control */,
				253AE1871DDD839D0046D0C3 /* model */,
				253AE18C1DDD839D0046D0C3 /* view */,
			);
			path = "关注";
			sourceTree = "<group>";
		};
		253AE1801DDD839D0046D0C3 /* control */ = {
			isa = PBXGroup;
			children = (
				253AE1811DDD839D0046D0C3 /* LCQAttentionViewController.h */,
				253AE1821DDD839D0046D0C3 /* LCQAttentionViewController.m */,
				253AE1831DDD839D0046D0C3 /* LCQAttentionViewController.xib */,
				253AE1841DDD839D0046D0C3 /* LCQSuggestAttentionViewController.h */,
				253AE1851DDD839D0046D0C3 /* LCQSuggestAttentionViewController.m */,
				253AE1861DDD839D0046D0C3 /* LCQSuggestAttentionViewController.xib */,
			);
			path = control;
			sourceTree = "<group>";
		};
		253AE1871DDD839D0046D0C3 /* model */ = {
			isa = PBXGroup;
			children = (
				253AE1881DDD839D0046D0C3 /* LCQSuggestLeftModel.h */,
				253AE1891DDD839D0046D0C3 /* LCQSuggestLeftModel.m */,
				253AE18A1DDD839D0046D0C3 /* LCQSuggestRightModel.h */,
				253AE18B1DDD839D0046D0C3 /* LCQSuggestRightModel.m */,
			);
			path = model;
			sourceTree = "<group>";
		};
		253AE18C1DDD839D0046D0C3 /* view */ = {
			isa = PBXGroup;
			children = (
				253AE18D1DDD839D0046D0C3 /* LCQSuggestLeftTableViewCell.h */,
				253AE18E1DDD839D0046D0C3 /* LCQSuggestLeftTableViewCell.m */,
				253AE18F1DDD839D0046D0C3 /* LCQSuggestLeftTableViewCell.xib */,
				253AE1901DDD839D0046D0C3 /* LCQSuggestRightTableViewCell.h */,
				253AE1911DDD839D0046D0C3 /* LCQSuggestRightTableViewCell.m */,
				253AE1921DDD839D0046D0C3 /* LCQSuggestRightTableViewCell.xib */,
			);
			path = view;
			sourceTree = "<group>";
		};
		253AE1931DDD839D0046D0C3 /* 工具 */ = {
			isa = PBXGroup;
			children = (
				253AE1941DDD839D0046D0C3 /* PrefixHeader.pch */,
				253AE1951DDD839D0046D0C3 /* UIBarButtonItem+CustomButton.h */,
				253AE1961DDD839D0046D0C3 /* UIBarButtonItem+CustomButton.m */,
				253AE1971DDD839D0046D0C3 /* UIView+ZRCategory.h */,
				253AE1981DDD839D0046D0C3 /* UIView+ZRCategory.m */,
			);
			path = "工具";
			sourceTree = "<group>";
		};
		253AE1991DDD839D0046D0C3 /* 总控制 */ = {
			isa = PBXGroup;
			children = (
				253AE19A1DDD839D0046D0C3 /* control */,
				253AE1A31DDD839D0046D0C3 /* model */,
				253AE1A41DDD839D0046D0C3 /* view */,
			);
			path = "总控制";
			sourceTree = "<group>";
		};
		253AE19A1DDD839D0046D0C3 /* control */ = {
			isa = PBXGroup;
			children = (
				253AE19B1DDD839D0046D0C3 /* LCQCustomNavigationController.h */,
				253AE19C1DDD839D0046D0C3 /* LCQCustomNavigationController.m */,
				253AE19D1DDD839D0046D0C3 /* LCQCustomNavigationController.xib */,
				253AE19E1DDD839D0046D0C3 /* LCQIssueViewController.h */,
				253AE19F1DDD839D0046D0C3 /* LCQIssueViewController.m */,
				253AE1A01DDD839D0046D0C3 /* LCQIssueViewController.xib */,
				253AE1A11DDD839D0046D0C3 /* LCQTabBarViewController.h */,
				253AE1A21DDD839D0046D0C3 /* LCQTabBarViewController.m */,
			);
			path = control;
			sourceTree = "<group>";
		};
		253AE1A31DDD839D0046D0C3 /* model */ = {
			isa = PBXGroup;
			children = (
			);
			path = model;
			sourceTree = "<group>";
		};
		253AE1A41DDD839D0046D0C3 /* view */ = {
			isa = PBXGroup;
			children = (
				253AE1A51DDD839D0046D0C3 /* LCQButton.h */,
				253AE1A61DDD839D0046D0C3 /* LCQButton.m */,
				253AE1A71DDD839D0046D0C3 /* LCQTabBar.h */,
				253AE1A81DDD839D0046D0C3 /* LCQTabBar.m */,
				25FA11491DDDA13200A9AB8D /* LCQGuideView.h */,
				25FA114A1DDDA13200A9AB8D /* LCQGuideView.m */,
				25FA114C1DDDA19900A9AB8D /* LCQGuideView.xib */,
			);
			path = view;
			sourceTree = "<group>";
		};
		253AE1A91DDD839D0046D0C3 /* 我的 */ = {
			isa = PBXGroup;
			children = (
				253AE1AA1DDD839D0046D0C3 /* control */,
				253AE1AE1DDD839D0046D0C3 /* model */,
				253AE1AF1DDD839D0046D0C3 /* view */,
			);
			path = "我的";
			sourceTree = "<group>";
		};
		253AE1AA1DDD839D0046D0C3 /* control */ = {
			isa = PBXGroup;
			children = (
				253AE1AB1DDD839D0046D0C3 /* LCQMeViewController.h */,
				253AE1AC1DDD839D0046D0C3 /* LCQMeViewController.m */,
				253AE1AD1DDD839D0046D0C3 /* LCQMeViewController.xib */,
			);
			path = control;
			sourceTree = "<group>";
		};
		253AE1AE1DDD839D0046D0C3 /* model */ = {
			isa = PBXGroup;
			children = (
			);
			path = model;
			sourceTree = "<group>";
		};
		253AE1AF1DDD839D0046D0C3 /* view */ = {
			isa = PBXGroup;
			children = (
			);
			path = view;
			sourceTree = "<group>";
		};
		253AE1B01DDD839D0046D0C3 /* 新帖 */ = {
			isa = PBXGroup;
			children = (
				253AE1B11DDD839D0046D0C3 /* control */,
				253AE1B51DDD839D0046D0C3 /* model */,
				253AE1B61DDD839D0046D0C3 /* view */,
			);
			path = "新帖";
			sourceTree = "<group>";
		};
		253AE1B11DDD839D0046D0C3 /* control */ = {
			isa = PBXGroup;
			children = (
				253AE1B21DDD839D0046D0C3 /* LCQNewViewController.h */,
				253AE1B31DDD839D0046D0C3 /* LCQNewViewController.m */,
				253AE1B41DDD839D0046D0C3 /* LCQNewViewController.xib */,
			);
			path = control;
			sourceTree = "<group>";
		};
		253AE1B51DDD839D0046D0C3 /* model */ = {
			isa = PBXGroup;
			children = (
			);
			path = model;
			sourceTree = "<group>";
		};
		253AE1B61DDD839D0046D0C3 /* view */ = {
			isa = PBXGroup;
			children = (
			);
			path = view;
			sourceTree = "<group>";
		};
		253AE1B71DDD839D0046D0C3 /* 精华 */ = {
			isa = PBXGroup;
			children = (
				253AE1B81DDD839D0046D0C3 /* control */,
				253AE1BC1DDD839D0046D0C3 /* model */,
				253AE1BD1DDD839D0046D0C3 /* view */,
			);
			path = "精华";
			sourceTree = "<group>";
		};
		253AE1B81DDD839D0046D0C3 /* control */ = {
			isa = PBXGroup;
			children = (
				253AE1B91DDD839D0046D0C3 /* LCQEssenceViewController.h */,
				253AE1BA1DDD839D0046D0C3 /* LCQEssenceViewController.m */,
				253AE1BB1DDD839D0046D0C3 /* LCQEssenceViewController.xib */,
				255F87141DDEDF4C00644357 /* LCQALLDataTableViewController.h */,
				255F87151DDEDF4C00644357 /* LCQALLDataTableViewController.m */,
				255F87161DDEDF4C00644357 /* LCQALLDataTableViewController.xib */,
				255F87191DDEDF8E00644357 /* LCQVideoDataTableViewController.h */,
				255F871A1DDEDF8E00644357 /* LCQVideoDataTableViewController.m */,
				255F871B1DDEDF8E00644357 /* LCQVideoDataTableViewController.xib */,
				255F871E1DDEDF9A00644357 /* LCQPicDataTableViewController.h */,
				255F871F1DDEDF9A00644357 /* LCQPicDataTableViewController.m */,
				255F87201DDEDF9A00644357 /* LCQPicDataTableViewController.xib */,
				255F87231DDEDFB400644357 /* LCQTextDataTableViewController.h */,
				255F87241DDEDFB400644357 /* LCQTextDataTableViewController.m */,
				255F87261DDEDFCD00644357 /* LCQAudioDataTableViewController.h */,
				255F87271DDEDFCD00644357 /* LCQAudioDataTableViewController.m */,
				255F87281DDEDFCD00644357 /* LCQAudioDataTableViewController.xib */,
			);
			path = control;
			sourceTree = "<group>";
		};
		253AE1BC1DDD839D0046D0C3 /* model */ = {
			isa = PBXGroup;
			children = (
			);
			path = model;
			sourceTree = "<group>";
		};
		253AE1BD1DDD839D0046D0C3 /* view */ = {
			isa = PBXGroup;
			children = (
			);
			path = view;
			sourceTree = "<group>";
		};
		2542BCA81DD5A1C500198448 = {
			isa = PBXGroup;
			children = (
				2542BCB31DD5A1C500198448 /* 内涵段子 */,
				2542BCCD1DD5A1C600198448 /* 内涵段子Tests */,
				2542BCD81DD5A1C600198448 /* 内涵段子UITests */,
				2542BCB21DD5A1C500198448 /* Products */,
				2D63C1D3B4C4B0D86869CE1C /* Pods */,
				400B51BD69FC10A3434C822B /* Frameworks */,
			);
			sourceTree = "<group>";
		};
		2542BCB21DD5A1C500198448 /* Products */ = {
			isa = PBXGroup;
			children = (
				2542BCB11DD5A1C500198448 /* 内涵段子.app */,
				2542BCCA1DD5A1C600198448 /* 内涵段子Tests.xctest */,
				2542BCD51DD5A1C600198448 /* 内涵段子UITests.xctest */,
			);
			name = Products;
			sourceTree = "<group>";
		};
		2542BCB31DD5A1C500198448 /* 内涵段子 */ = {
			isa = PBXGroup;
			children = (
				253AE17E1DDD839D0046D0C3 /* 段子Class */,
				2542BCB71DD5A1C500198448 /* AppDelegate.h */,
				2542BCB81DD5A1C600198448 /* AppDelegate.m */,
				2542BCBA1DD5A1C600198448 /* ViewController.h */,
				2542BCBB1DD5A1C600198448 /* ViewController.m */,
				2542BCBD1DD5A1C600198448 /* Main.storyboard */,
				2542BCC01DD5A1C600198448 /* Assets.xcassets */,
				2542BCC21DD5A1C600198448 /* LaunchScreen.storyboard */,
				2542BCC51DD5A1C600198448 /* Info.plist */,
				2542BCB41DD5A1C500198448 /* Supporting Files */,
			);
			path = "内涵段子";
			sourceTree = "<group>";
		};
		2542BCB41DD5A1C500198448 /* Supporting Files */ = {
			isa = PBXGroup;
			children = (
				2542BCB51DD5A1C500198448 /* main.m */,
			);
			name = "Supporting Files";
			sourceTree = "<group>";
		};
		2542BCCD1DD5A1C600198448 /* 内涵段子Tests */ = {
			isa = PBXGroup;
			children = (
				2542BCCE1DD5A1C600198448 /* ____Tests.m */,
				2542BCD01DD5A1C600198448 /* Info.plist */,
			);
			path = "内涵段子Tests";
			sourceTree = "<group>";
		};
		2542BCD81DD5A1C600198448 /* 内涵段子UITests */ = {
			isa = PBXGroup;
			children = (
				2542BCD91DD5A1C600198448 /* ____UITests.m */,
				2542BCDB1DD5A1C600198448 /* Info.plist */,
			);
			path = "内涵段子UITests";
			sourceTree = "<group>";
		};
		2D63C1D3B4C4B0D86869CE1C /* Pods */ = {
			isa = PBXGroup;
			children = (
				F10C751BDC96DD84BB7BA6E2 /* Pods-内涵段子.debug.xcconfig */,
				32C7AF8D22F5D08F829124BD /* Pods-内涵段子.release.xcconfig */,
				C28AB70ACE6366F7ED9B47A0 /* Pods-内涵段子Tests.debug.xcconfig */,
				29CBA8BB0708404F5C5C1B92 /* Pods-内涵段子Tests.release.xcconfig */,
				2476C5684BFFBFB1476B5388 /* Pods-内涵段子UITests.debug.xcconfig */,
				6F09CCC6E8892F27B570A9B6 /* Pods-内涵段子UITests.release.xcconfig */,
			);
			name = Pods;
			sourceTree = "<group>";
		};
		400B51BD69FC10A3434C822B /* Frameworks */ = {
			isa = PBXGroup;
			children = (
				8988C73A7AB7AE466E2DBC71 /* libPods-内涵段子.a */,
				055A089701AD6F7108F762A0 /* libPods-内涵段子Tests.a */,
				28E7BA08AAE8B3FD0A29F177 /* libPods-内涵段子UITests.a */,
			);
			name = Frameworks;
			sourceTree = "<group>";
		};
/* End PBXGroup section */

/* Begin PBXNativeTarget section */
		2542BCB01DD5A1C500198448 /* 内涵段子 */ = {
			isa = PBXNativeTarget;
			buildConfigurationList = 2542BCDE1DD5A1C600198448 /* Build configuration list for PBXNativeTarget "内涵段子" */;
			buildPhases = (
				646029CBB7E30421BC710F68 /* [CP] Check Pods Manifest.lock */,
				2542BCAD1DD5A1C500198448 /* Sources */,
				2542BCAE1DD5A1C500198448 /* Frameworks */,
				2542BCAF1DD5A1C500198448 /* Resources */,
				3F7071B6B16B73F12BD7977B /* [CP] Embed Pods Frameworks */,
				63BC8335A1103727FB6D3828 /* [CP] Copy Pods Resources */,
			);
			buildRules = (
			);
			dependencies = (
			);
			name = "内涵段子";
			productName = "内涵段子";
			productReference = 2542BCB11DD5A1C500198448 /* 内涵段子.app */;
			productType = "com.apple.product-type.application";
		};
		2542BCC91DD5A1C600198448 /* 内涵段子Tests */ = {
			isa = PBXNativeTarget;
			buildConfigurationList = 2542BCE11DD5A1C600198448 /* Build configuration list for PBXNativeTarget "内涵段子Tests" */;
			buildPhases = (
				A2E1867D7FECCDCDD6A4F54A /* [CP] Check Pods Manifest.lock */,
				2542BCC61DD5A1C600198448 /* Sources */,
				2542BCC71DD5A1C600198448 /* Frameworks */,
				2542BCC81DD5A1C600198448 /* Resources */,
				A60F6B287041390F3D8CB1E3 /* [CP] Embed Pods Frameworks */,
				B8FF302F11E748C5C709D967 /* [CP] Copy Pods Resources */,
			);
			buildRules = (
			);
			dependencies = (
				2542BCCC1DD5A1C600198448 /* PBXTargetDependency */,
			);
			name = "内涵段子Tests";
			productName = "内涵段子Tests";
			productReference = 2542BCCA1DD5A1C600198448 /* 内涵段子Tests.xctest */;
			productType = "com.apple.product-type.bundle.unit-test";
		};
		2542BCD41DD5A1C600198448 /* 内涵段子UITests */ = {
			isa = PBXNativeTarget;
			buildConfigurationList = 2542BCE41DD5A1C600198448 /* Build configuration list for PBXNativeTarget "内涵段子UITests" */;
			buildPhases = (
				F23E2B87D76716EE318A966B /* [CP] Check Pods Manifest.lock */,
				2542BCD11DD5A1C600198448 /* Sources */,
				2542BCD21DD5A1C600198448 /* Frameworks */,
				2542BCD31DD5A1C600198448 /* Resources */,
				81E3112E364E4EDF8C1FF44C /* [CP] Embed Pods Frameworks */,
				6439B247418F08CE411E6E62 /* [CP] Copy Pods Resources */,
			);
			buildRules = (
			);
			dependencies = (
				2542BCD71DD5A1C600198448 /* PBXTargetDependency */,
			);
			name = "内涵段子UITests";
			productName = "内涵段子UITests";
			productReference = 2542BCD51DD5A1C600198448 /* 内涵段子UITests.xctest */;
			productType = "com.apple.product-type.bundle.ui-testing";
		};
/* End PBXNativeTarget section */

/* Begin PBXProject section */
		2542BCA91DD5A1C500198448 /* Project object */ = {
			isa = PBXProject;
			attributes = {
				CLASSPREFIX = LCQ;
				LastUpgradeCheck = 0810;
				ORGANIZATIONNAME = Leonlin;
				TargetAttributes = {
					2542BCB01DD5A1C500198448 = {
						CreatedOnToolsVersion = 8.1;
						DevelopmentTeam = 29XQL7WZYR;
						ProvisioningStyle = Automatic;
					};
					2542BCC91DD5A1C600198448 = {
						CreatedOnToolsVersion = 8.1;
						ProvisioningStyle = Automatic;
						TestTargetID = 2542BCB01DD5A1C500198448;
					};
					2542BCD41DD5A1C600198448 = {
						CreatedOnToolsVersion = 8.1;
						ProvisioningStyle = Automatic;
						TestTargetID = 2542BCB01DD5A1C500198448;
					};
				};
			};
			buildConfigurationList = 2542BCAC1DD5A1C500198448 /* Build configuration list for PBXProject "内涵段子" */;
			compatibilityVersion = "Xcode 3.2";
			developmentRegion = English;
			hasScannedForEncodings = 0;
			knownRegions = (
				en,
				Base,
			);
			mainGroup = 2542BCA81DD5A1C500198448;
			productRefGroup = 2542BCB21DD5A1C500198448 /* Products */;
			projectDirPath = "";
			projectRoot = "";
			targets = (
				2542BCB01DD5A1C500198448 /* 内涵段子 */,
				2542BCC91DD5A1C600198448 /* 内涵段子Tests */,
				2542BCD41DD5A1C600198448 /* 内涵段子UITests */,
			);
		};
/* End PBXProject section */

/* Begin PBXResourcesBuildPhase section */
		2542BCAF1DD5A1C500198448 /* Resources */ = {
			isa = PBXResourcesBuildPhase;
			buildActionMask = 2147483647;
			files = (
				253AE1C51DDD839D0046D0C3 /* LCQSuggestLeftTableViewCell.xib in Resources */,
				253AE1BF1DDD839D0046D0C3 /* LCQAttentionViewController.xib in Resources */,
				253AE1C11DDD839D0046D0C3 /* LCQSuggestAttentionViewController.xib in Resources */,
				253AE1CB1DDD839D0046D0C3 /* LCQCustomNavigationController.xib in Resources */,
				2542BCC41DD5A1C600198448 /* LaunchScreen.storyboard in Resources */,
				2542BCC11DD5A1C600198448 /* Assets.xcassets in Resources */,
				255F87181DDEDF4C00644357 /* LCQALLDataTableViewController.xib in Resources */,
				25FA114D1DDDA19900A9AB8D /* LCQGuideView.xib in Resources */,
				253AE1D61DDD839D0046D0C3 /* LCQEssenceViewController.xib in Resources */,
				255F871D1DDEDF8E00644357 /* LCQVideoDataTableViewController.xib in Resources */,
				253AE1C71DDD839D0046D0C3 /* LCQSuggestRightTableViewCell.xib in Resources */,
				253AE1CD1DDD839D0046D0C3 /* LCQIssueViewController.xib in Resources */,
				2542BCBF1DD5A1C600198448 /* Main.storyboard in Resources */,
				255F87221DDEDF9A00644357 /* LCQPicDataTableViewController.xib in Resources */,
				253AE1D41DDD839D0046D0C3 /* LCQNewViewController.xib in Resources */,
				255F872A1DDEDFCD00644357 /* LCQAudioDataTableViewController.xib in Resources */,
				253AE1D21DDD839D0046D0C3 /* LCQMeViewController.xib in Resources */,
			);
			runOnlyForDeploymentPostprocessing = 0;
		};
		2542BCC81DD5A1C600198448 /* Resources */ = {
			isa = PBXResourcesBuildPhase;
			buildActionMask = 2147483647;
			files = (
			);
			runOnlyForDeploymentPostprocessing = 0;
		};
		2542BCD31DD5A1C600198448 /* Resources */ = {
			isa = PBXResourcesBuildPhase;
			buildActionMask = 2147483647;
			files = (
			);
			runOnlyForDeploymentPostprocessing = 0;
		};
/* End PBXResourcesBuildPhase section */

/* Begin PBXShellScriptBuildPhase section */
		3F7071B6B16B73F12BD7977B /* [CP] Embed Pods Frameworks */ = {
			isa = PBXShellScriptBuildPhase;
			buildActionMask = 2147483647;
			files = (
			);
			inputPaths = (
			);
			name = "[CP] Embed Pods Frameworks";
			outputPaths = (
			);
			runOnlyForDeploymentPostprocessing = 0;
			shellPath = /bin/sh;
			shellScript = "\"${SRCROOT}/Pods/Target Support Files/Pods-内涵段子/Pods-内涵段子-frameworks.sh\"\n";
			showEnvVarsInLog = 0;
		};
		63BC8335A1103727FB6D3828 /* [CP] Copy Pods Resources */ = {
			isa = PBXShellScriptBuildPhase;
			buildActionMask = 2147483647;
			files = (
			);
			inputPaths = (
			);
			name = "[CP] Copy Pods Resources";
			outputPaths = (
			);
			runOnlyForDeploymentPostprocessing = 0;
			shellPath = /bin/sh;
			shellScript = "\"${SRCROOT}/Pods/Target Support Files/Pods-内涵段子/Pods-内涵段子-resources.sh\"\n";
			showEnvVarsInLog = 0;
		};
		6439B247418F08CE411E6E62 /* [CP] Copy Pods Resources */ = {
			isa = PBXShellScriptBuildPhase;
			buildActionMask = 2147483647;
			files = (
			);
			inputPaths = (
			);
			name = "[CP] Copy Pods Resources";
			outputPaths = (
			);
			runOnlyForDeploymentPostprocessing = 0;
			shellPath = /bin/sh;
			shellScript = "\"${SRCROOT}/Pods/Target Support Files/Pods-内涵段子UITests/Pods-内涵段子UITests-resources.sh\"\n";
			showEnvVarsInLog = 0;
		};
		646029CBB7E30421BC710F68 /* [CP] Check Pods Manifest.lock */ = {
			isa = PBXShellScriptBuildPhase;
			buildActionMask = 2147483647;
			files = (
			);
			inputPaths = (
			);
			name = "[CP] Check Pods Manifest.lock";
			outputPaths = (
			);
			runOnlyForDeploymentPostprocessing = 0;
			shellPath = /bin/sh;
			shellScript = "diff \"${PODS_ROOT}/../Podfile.lock\" \"${PODS_ROOT}/Manifest.lock\" > /dev/null\nif [ $? != 0 ] ; then\n    # print error to STDERR\n    echo \"error: The sandbox is not in sync with the Podfile.lock. Run 'pod install' or update your CocoaPods installation.\" >&2\n    exit 1\nfi\n";
			showEnvVarsInLog = 0;
		};
		81E3112E364E4EDF8C1FF44C /* [CP] Embed Pods Frameworks */ = {
			isa = PBXShellScriptBuildPhase;
			buildActionMask = 2147483647;
			files = (
			);
			inputPaths = (
			);
			name = "[CP] Embed Pods Frameworks";
			outputPaths = (
			);
			runOnlyForDeploymentPostprocessing = 0;
			shellPath = /bin/sh;
			shellScript = "\"${SRCROOT}/Pods/Target Support Files/Pods-内涵段子UITests/Pods-内涵段子UITests-frameworks.sh\"\n";
			showEnvVarsInLog = 0;
		};
		A2E1867D7FECCDCDD6A4F54A /* [CP] Check Pods Manifest.lock */ = {
			isa = PBXShellScriptBuildPhase;
			buildActionMask = 2147483647;
			files = (
			);
			inputPaths = (
			);
			name = "[CP] Check Pods Manifest.lock";
			outputPaths = (
			);
			runOnlyForDeploymentPostprocessing = 0;
			shellPath = /bin/sh;
			shellScript = "diff \"${PODS_ROOT}/../Podfile.lock\" \"${PODS_ROOT}/Manifest.lock\" > /dev/null\nif [ $? != 0 ] ; then\n    # print error to STDERR\n    echo \"error: The sandbox is not in sync with the Podfile.lock. Run 'pod install' or update your CocoaPods installation.\" >&2\n    exit 1\nfi\n";
			showEnvVarsInLog = 0;
		};
		A60F6B287041390F3D8CB1E3 /* [CP] Embed Pods Frameworks */ = {
			isa = PBXShellScriptBuildPhase;
			buildActionMask = 2147483647;
			files = (
			);
			inputPaths = (
			);
			name = "[CP] Embed Pods Frameworks";
			outputPaths = (
			);
			runOnlyForDeploymentPostprocessing = 0;
			shellPath = /bin/sh;
			shellScript = "\"${SRCROOT}/Pods/Target Support Files/Pods-内涵段子Tests/Pods-内涵段子Tests-frameworks.sh\"\n";
			showEnvVarsInLog = 0;
		};
		B8FF302F11E748C5C709D967 /* [CP] Copy Pods Resources */ = {
			isa = PBXShellScriptBuildPhase;
			buildActionMask = 2147483647;
			files = (
			);
			inputPaths = (
			);
			name = "[CP] Copy Pods Resources";
			outputPaths = (
			);
			runOnlyForDeploymentPostprocessing = 0;
			shellPath = /bin/sh;
			shellScript = "\"${SRCROOT}/Pods/Target Support Files/Pods-内涵段子Tests/Pods-内涵段子Tests-resources.sh\"\n";
			showEnvVarsInLog = 0;
		};
		F23E2B87D76716EE318A966B /* [CP] Check Pods Manifest.lock */ = {
			isa = PBXShellScriptBuildPhase;
			buildActionMask = 2147483647;
			files = (
			);
			inputPaths = (
			);
			name = "[CP] Check Pods Manifest.lock";
			outputPaths = (
			);
			runOnlyForDeploymentPostprocessing = 0;
			shellPath = /bin/sh;
			shellScript = "diff \"${PODS_ROOT}/../Podfile.lock\" \"${PODS_ROOT}/Manifest.lock\" > /dev/null\nif [ $? != 0 ] ; then\n    # print error to STDERR\n    echo \"error: The sandbox is not in sync with the Podfile.lock. Run 'pod install' or update your CocoaPods installation.\" >&2\n    exit 1\nfi\n";
			showEnvVarsInLog = 0;
		};
/* End PBXShellScriptBuildPhase section */

/* Begin PBXSourcesBuildPhase section */
		2542BCAD1DD5A1C500198448 /* Sources */ = {
			isa = PBXSourcesBuildPhase;
			buildActionMask = 2147483647;
			files = (
				255F87211DDEDF9A00644357 /* LCQPicDataTableViewController.m in Sources */,
				253AE1C41DDD839D0046D0C3 /* LCQSuggestLeftTableViewCell.m in Sources */,
				253AE1CA1DDD839D0046D0C3 /* LCQCustomNavigationController.m in Sources */,
				253AE1D01DDD839D0046D0C3 /* LCQTabBar.m in Sources */,
				255F87171DDEDF4C00644357 /* LCQALLDataTableViewController.m in Sources */,
				253AE1D11DDD839D0046D0C3 /* LCQMeViewController.m in Sources */,
				253AE1CF1DDD839D0046D0C3 /* LCQButton.m in Sources */,
				253AE1CC1DDD839D0046D0C3 /* LCQIssueViewController.m in Sources */,
				253AE1D51DDD839D0046D0C3 /* LCQEssenceViewController.m in Sources */,
				255F87291DDEDFCD00644357 /* LCQAudioDataTableViewController.m in Sources */,
				253AE1C01DDD839D0046D0C3 /* LCQSuggestAttentionViewController.m in Sources */,
				253AE1BE1DDD839D0046D0C3 /* LCQAttentionViewController.m in Sources */,
				253AE1C81DDD839D0046D0C3 /* UIBarButtonItem+CustomButton.m in Sources */,
				25FA114B1DDDA13200A9AB8D /* LCQGuideView.m in Sources */,
				2542BCBC1DD5A1C600198448 /* ViewController.m in Sources */,
				253AE1C91DDD839D0046D0C3 /* UIView+ZRCategory.m in Sources */,
				253AE1C61DDD839D0046D0C3 /* LCQSuggestRightTableViewCell.m in Sources */,
				253AE1CE1DDD839D0046D0C3 /* LCQTabBarViewController.m in Sources */,
				2542BCB91DD5A1C600198448 /* AppDelegate.m in Sources */,
				255F87251DDEDFB400644357 /* LCQTextDataTableViewController.m in Sources */,
				253AE1C21DDD839D0046D0C3 /* LCQSuggestLeftModel.m in Sources */,
				253AE1C31DDD839D0046D0C3 /* LCQSuggestRightModel.m in Sources */,
				253AE1D31DDD839D0046D0C3 /* LCQNewViewController.m in Sources */,
				255F871C1DDEDF8E00644357 /* LCQVideoDataTableViewController.m in Sources */,
				2542BCB61DD5A1C500198448 /* main.m in Sources */,
			);
			runOnlyForDeploymentPostprocessing = 0;
		};
		2542BCC61DD5A1C600198448 /* Sources */ = {
			isa = PBXSourcesBuildPhase;
			buildActionMask = 2147483647;
			files = (
				2542BCCF1DD5A1C600198448 /* ____Tests.m in Sources */,
			);
			runOnlyForDeploymentPostprocessing = 0;
		};
		2542BCD11DD5A1C600198448 /* Sources */ = {
			isa = PBXSourcesBuildPhase;
			buildActionMask = 2147483647;
			files = (
				2542BCDA1DD5A1C600198448 /* ____UITests.m in Sources */,
			);
			runOnlyForDeploymentPostprocessing = 0;
		};
/* End PBXSourcesBuildPhase section */

/* Begin PBXTargetDependency section */
		2542BCCC1DD5A1C600198448 /* PBXTargetDependency */ = {
			isa = PBXTargetDependency;
			target = 2542BCB01DD5A1C500198448 /* 内涵段子 */;
			targetProxy = 2542BCCB1DD5A1C600198448 /* PBXContainerItemProxy */;
		};
		2542BCD71DD5A1C600198448 /* PBXTargetDependency */ = {
			isa = PBXTargetDependency;
			target = 2542BCB01DD5A1C500198448 /* 内涵段子 */;
			targetProxy = 2542BCD61DD5A1C600198448 /* PBXContainerItemProxy */;
		};
/* End PBXTargetDependency section */

/* Begin PBXVariantGroup section */
		2542BCBD1DD5A1C600198448 /* Main.storyboard */ = {
			isa = PBXVariantGroup;
			children = (
				2542BCBE1DD5A1C600198448 /* Base */,
			);
			name = Main.storyboard;
			sourceTree = "<group>";
		};
		2542BCC21DD5A1C600198448 /* LaunchScreen.storyboard */ = {
			isa = PBXVariantGroup;
			children = (
				2542BCC31DD5A1C600198448 /* Base */,
			);
			name = LaunchScreen.storyboard;
			sourceTree = "<group>";
		};
/* End PBXVariantGroup section */

/* Begin XCBuildConfiguration section */
		2542BCDC1DD5A1C600198448 /* Debug */ = {
			isa = XCBuildConfiguration;
			buildSettings = {
				ALWAYS_SEARCH_USER_PATHS = NO;
				CLANG_ANALYZER_NONNULL = YES;
				CLANG_CXX_LANGUAGE_STANDARD = "gnu++0x";
				CLANG_CXX_LIBRARY = "libc++";
				CLANG_ENABLE_MODULES = YES;
				CLANG_ENABLE_OBJC_ARC = YES;
				CLANG_WARN_BOOL_CONVERSION = YES;
				CLANG_WARN_CONSTANT_CONVERSION = YES;
				CLANG_WARN_DIRECT_OBJC_ISA_USAGE = YES_ERROR;
				CLANG_WARN_DOCUMENTATION_COMMENTS = YES;
				CLANG_WARN_EMPTY_BODY = YES;
				CLANG_WARN_ENUM_CONVERSION = YES;
				CLANG_WARN_INFINITE_RECURSION = YES;
				CLANG_WARN_INT_CONVERSION = YES;
				CLANG_WARN_OBJC_ROOT_CLASS = YES_ERROR;
				CLANG_WARN_SUSPICIOUS_MOVE = YES;
				CLANG_WARN_SUSPICIOUS_MOVES = YES;
				CLANG_WARN_UNREACHABLE_CODE = YES;
				CLANG_WARN__DUPLICATE_METHOD_MATCH = YES;
				"CODE_SIGN_IDENTITY[sdk=iphoneos*]" = "iPhone Developer";
				COPY_PHASE_STRIP = NO;
				DEBUG_INFORMATION_FORMAT = dwarf;
				ENABLE_STRICT_OBJC_MSGSEND = YES;
				ENABLE_TESTABILITY = YES;
				GCC_C_LANGUAGE_STANDARD = gnu99;
				GCC_DYNAMIC_NO_PIC = NO;
				GCC_NO_COMMON_BLOCKS = YES;
				GCC_OPTIMIZATION_LEVEL = 0;
				GCC_PREPROCESSOR_DEFINITIONS = (
					"DEBUG=1",
					"$(inherited)",
				);
				GCC_WARN_64_TO_32_BIT_CONVERSION = YES;
				GCC_WARN_ABOUT_RETURN_TYPE = YES_ERROR;
				GCC_WARN_UNDECLARED_SELECTOR = YES;
				GCC_WARN_UNINITIALIZED_AUTOS = YES_AGGRESSIVE;
				GCC_WARN_UNUSED_FUNCTION = YES;
				GCC_WARN_UNUSED_VARIABLE = YES;
				IPHONEOS_DEPLOYMENT_TARGET = 10.1;
				MTL_ENABLE_DEBUG_INFO = YES;
				ONLY_ACTIVE_ARCH = YES;
				SDKROOT = iphoneos;
			};
			name = Debug;
		};
		2542BCDD1DD5A1C600198448 /* Release */ = {
			isa = XCBuildConfiguration;
			buildSettings = {
				ALWAYS_SEARCH_USER_PATHS = NO;
				CLANG_ANALYZER_NONNULL = YES;
				CLANG_CXX_LANGUAGE_STANDARD = "gnu++0x";
				CLANG_CXX_LIBRARY = "libc++";
				CLANG_ENABLE_MODULES = YES;
				CLANG_ENABLE_OBJC_ARC = YES;
				CLANG_WARN_BOOL_CONVERSION = YES;
				CLANG_WARN_CONSTANT_CONVERSION = YES;
				CLANG_WARN_DIRECT_OBJC_ISA_USAGE = YES_ERROR;
				CLANG_WARN_DOCUMENTATION_COMMENTS = YES;
				CLANG_WARN_EMPTY_BODY = YES;
				CLANG_WARN_ENUM_CONVERSION = YES;
				CLANG_WARN_INFINITE_RECURSION = YES;
				CLANG_WARN_INT_CONVERSION = YES;
				CLANG_WARN_OBJC_ROOT_CLASS = YES_ERROR;
				CLANG_WARN_SUSPICIOUS_MOVE = YES;
				CLANG_WARN_SUSPICIOUS_MOVES = YES;
				CLANG_WARN_UNREACHABLE_CODE = YES;
				CLANG_WARN__DUPLICATE_METHOD_MATCH = YES;
				"CODE_SIGN_IDENTITY[sdk=iphoneos*]" = "iPhone Developer";
				COPY_PHASE_STRIP = NO;
				DEBUG_INFORMATION_FORMAT = "dwarf-with-dsym";
				ENABLE_NS_ASSERTIONS = NO;
				ENABLE_STRICT_OBJC_MSGSEND = YES;
				GCC_C_LANGUAGE_STANDARD = gnu99;
				GCC_NO_COMMON_BLOCKS = YES;
				GCC_WARN_64_TO_32_BIT_CONVERSION = YES;
				GCC_WARN_ABOUT_RETURN_TYPE = YES_ERROR;
				GCC_WARN_UNDECLARED_SELECTOR = YES;
				GCC_WARN_UNINITIALIZED_AUTOS = YES_AGGRESSIVE;
				GCC_WARN_UNUSED_FUNCTION = YES;
				GCC_WARN_UNUSED_VARIABLE = YES;
				IPHONEOS_DEPLOYMENT_TARGET = 10.1;
				MTL_ENABLE_DEBUG_INFO = NO;
				SDKROOT = iphoneos;
				VALIDATE_PRODUCT = YES;
			};
			name = Release;
		};
		2542BCDF1DD5A1C600198448 /* Debug */ = {
			isa = XCBuildConfiguration;
			baseConfigurationReference = F10C751BDC96DD84BB7BA6E2 /* Pods-内涵段子.debug.xcconfig */;
			buildSettings = {
				ASSETCATALOG_COMPILER_APPICON_NAME = AppIcon;
				ASSETCATALOG_COMPILER_LAUNCHIMAGE_NAME = LaunchImage;
				DEVELOPMENT_TEAM = 29XQL7WZYR;
				GCC_PREFIX_HEADER = "$(SRCROOT)/内涵段子/段子Class/工具/PrefixHeader.pch";
				INFOPLIST_FILE = "内涵段子/Info.plist";
				LD_RUNPATH_SEARCH_PATHS = "$(inherited) @executable_path/Frameworks";
				PRODUCT_BUNDLE_IDENTIFIER = "com.Leonlin.----";
				PRODUCT_NAME = "$(TARGET_NAME)";
			};
			name = Debug;
		};
		2542BCE01DD5A1C600198448 /* Release */ = {
			isa = XCBuildConfiguration;
			baseConfigurationReference = 32C7AF8D22F5D08F829124BD /* Pods-内涵段子.release.xcconfig */;
			buildSettings = {
				ASSETCATALOG_COMPILER_APPICON_NAME = AppIcon;
				ASSETCATALOG_COMPILER_LAUNCHIMAGE_NAME = LaunchImage;
				DEVELOPMENT_TEAM = 29XQL7WZYR;
				GCC_PREFIX_HEADER = "$(SRCROOT)/内涵段子/段子Class/工具/PrefixHeader.pch";
				INFOPLIST_FILE = "内涵段子/Info.plist";
				LD_RUNPATH_SEARCH_PATHS = "$(inherited) @executable_path/Frameworks";
				PRODUCT_BUNDLE_IDENTIFIER = "com.Leonlin.----";
				PRODUCT_NAME = "$(TARGET_NAME)";
			};
			name = Release;
		};
		2542BCE21DD5A1C600198448 /* Debug */ = {
			isa = XCBuildConfiguration;
			baseConfigurationReference = C28AB70ACE6366F7ED9B47A0 /* Pods-内涵段子Tests.debug.xcconfig */;
			buildSettings = {
				BUNDLE_LOADER = "$(TEST_HOST)";
				INFOPLIST_FILE = "内涵段子Tests/Info.plist";
				LD_RUNPATH_SEARCH_PATHS = "$(inherited) @executable_path/Frameworks @loader_path/Frameworks";
				PRODUCT_BUNDLE_IDENTIFIER = "com.Leonlin.----Tests";
				PRODUCT_NAME = "$(TARGET_NAME)";
				TEST_HOST = "$(BUILT_PRODUCTS_DIR)/内涵段子.app/内涵段子";
			};
			name = Debug;
		};
		2542BCE31DD5A1C600198448 /* Release */ = {
			isa = XCBuildConfiguration;
			baseConfigurationReference = 29CBA8BB0708404F5C5C1B92 /* Pods-内涵段子Tests.release.xcconfig */;
			buildSettings = {
				BUNDLE_LOADER = "$(TEST_HOST)";
				INFOPLIST_FILE = "内涵段子Tests/Info.plist";
				LD_RUNPATH_SEARCH_PATHS = "$(inherited) @executable_path/Frameworks @loader_path/Frameworks";
				PRODUCT_BUNDLE_IDENTIFIER = "com.Leonlin.----Tests";
				PRODUCT_NAME = "$(TARGET_NAME)";
				TEST_HOST = "$(BUILT_PRODUCTS_DIR)/内涵段子.app/内涵段子";
			};
			name = Release;
		};
		2542BCE51DD5A1C600198448 /* Debug */ = {
			isa = XCBuildConfiguration;
			baseConfigurationReference = 2476C5684BFFBFB1476B5388 /* Pods-内涵段子UITests.debug.xcconfig */;
			buildSettings = {
				INFOPLIST_FILE = "内涵段子UITests/Info.plist";
				LD_RUNPATH_SEARCH_PATHS = "$(inherited) @executable_path/Frameworks @loader_path/Frameworks";
				PRODUCT_BUNDLE_IDENTIFIER = "com.Leonlin.----UITests";
				PRODUCT_NAME = "$(TARGET_NAME)";
				TEST_TARGET_NAME = "内涵段子";
			};
			name = Debug;
		};
		2542BCE61DD5A1C600198448 /* Release */ = {
			isa = XCBuildConfiguration;
			baseConfigurationReference = 6F09CCC6E8892F27B570A9B6 /* Pods-内涵段子UITests.release.xcconfig */;
			buildSettings = {
				INFOPLIST_FILE = "内涵段子UITests/Info.plist";
				LD_RUNPATH_SEARCH_PATHS = "$(inherited) @executable_path/Frameworks @loader_path/Frameworks";
				PRODUCT_BUNDLE_IDENTIFIER = "com.Leonlin.----UITests";
				PRODUCT_NAME = "$(TARGET_NAME)";
				TEST_TARGET_NAME = "内涵段子";
			};
			name = Release;
		};
/* End XCBuildConfiguration section */

/* Begin XCConfigurationList section */
		2542BCAC1DD5A1C500198448 /* Build configuration list for PBXProject "内涵段子" */ = {
			isa = XCConfigurationList;
			buildConfigurations = (
				2542BCDC1DD5A1C600198448 /* Debug */,
				2542BCDD1DD5A1C600198448 /* Release */,
			);
			defaultConfigurationIsVisible = 0;
			defaultConfigurationName = Release;
		};
		2542BCDE1DD5A1C600198448 /* Build configuration list for PBXNativeTarget "内涵段子" */ = {
			isa = XCConfigurationList;
			buildConfigurations = (
				2542BCDF1DD5A1C600198448 /* Debug */,
				2542BCE01DD5A1C600198448 /* Release */,
			);
			defaultConfigurationIsVisible = 0;
			defaultConfigurationName = Release;
		};
		2542BCE11DD5A1C600198448 /* Build configuration list for PBXNativeTarget "内涵段子Tests" */ = {
			isa = XCConfigurationList;
			buildConfigurations = (
				2542BCE21DD5A1C600198448 /* Debug */,
				2542BCE31DD5A1C600198448 /* Release */,
			);
			defaultConfigurationIsVisible = 0;
			defaultConfigurationName = Release;
		};
		2542BCE41DD5A1C600198448 /* Build configuration list for PBXNativeTarget "内涵段子UITests" */ = {
			isa = XCConfigurationList;
			buildConfigurations = (
				2542BCE51DD5A1C600198448 /* Debug */,
				2542BCE61DD5A1C600198448 /* Release */,
			);
			defaultConfigurationIsVisible = 0;
			defaultConfigurationName = Release;
		};
/* End XCConfigurationList section */
	};
	rootObject = 2542BCA91DD5A1C500198448 /* Project object */;
}
